
Microsoft Visual Studio Solution File, Format Version 12.00
# Visual Studio Version 16
VisualStudioVersion = 16.0.29409.12
MinimumVisualStudioVersion = 10.0.40219.1
Project("{FAE04EC0-301F-11D3-BF4B-00C04F79EFBC}") = "AzureQueueDemo", "AzureQueueDemo\AzureQueueDemo.csproj", "{EBF7D4A6-73EB-418F-AF7C-DA5FEBA9E172}"
EndProject
Global
	GlobalSection(SolutionConfigurationPlatforms) = preSolution
		Debug|Any CPU = Debug|Any CPU
		Release|Any CPU = Release|Any CPU
	EndGlobalSection
	GlobalSection(ProjectConfigurationPlatforms) = postSolution
		{EBF7D4A6-73EB-418F-AF7C-DA5FEBA9E172}.Debug|Any CPU.ActiveCfg = Debug|Any CPU
		{EBF7D4A6-73EB-418F-AF7C-DA5FEBA9E172}.Debug|Any CPU.Build.0 = Debug|Any CPU
		{EBF7D4A6-73EB-418F-AF7C-DA5FEBA9E172}.Release|Any CPU.ActiveCfg = Release|Any CPU
		{EBF7D4A6-73EB-418F-AF7C-DA5FEBA9E172}.Release|Any CPU.Build.0 = Release|Any CPU
	EndGlobalSection
	GlobalSection(SolutionProperties) = preSolution
		HideSolutionNode = FALSE
	EndGlobalSection
	GlobalSection(ExtensibilityGlobals) = postSolution
		SolutionGuid = {D68F5FEE-92E2-412F-BD80-5090E6E977F0}
	EndGlobalSection
EndGlobal
